
Microsoft Visual Studio Solution File, Format Version 12.00
# Visual Studio Version 16
VisualStudioVersion = 16.0.30717.126
MinimumVisualStudioVersion = 10.0.40219.1
Project("{FAE04EC0-301F-11D3-BF4B-00C04F79EFBC}") = "MediaClassifier", "MediaClassifier.csproj", "{BB5366C1-DD2F-4EE8-A053-562D963B00F9}"
EndProject
Global
	GlobalSection(SolutionConfigurationPlatforms) = preSolution
		Debug|Any CPU = Debug|Any CPU
		Release|Any CPU = Release|Any CPU
	EndGlobalSection
	GlobalSection(ProjectConfigurationPlatforms) = postSolution
		{BB5366C1-DD2F-4EE8-A053-562D963B00F9}.Debug|Any CPU.ActiveCfg = Debug|Any CPU
		{BB5366C1-DD2F-4EE8-A053-562D963B00F9}.Debug|Any CPU.Build.0 = Debug|Any CPU
		{BB5366C1-DD2F-4EE8-A053-562D963B00F9}.Release|Any CPU.ActiveCfg = Release|Any CPU
		{BB5366C1-DD2F-4EE8-A053-562D963B00F9}.Release|Any CPU.Build.0 = Release|Any CPU
	EndGlobalSection
	GlobalSection(SolutionProperties) = preSolution
		HideSolutionNode = FALSE
	EndGlobalSection
	GlobalSection(ExtensibilityGlobals) = postSolution
		SolutionGuid = {C46CBD9D-6A65-4790-9FCF-9651170FD3CE}
	EndGlobalSection
EndGlobal
